
Microsoft Visual Studio Solution File, Format Version 12.00
# Visual Studio 2012
Project("{FAE04EC0-301F-11D3-BF4B-00C04F79EFBC}") = "FormsApplication", "FormsApplication\FormsApplication.csproj", "{6DBCC6BE-8C3E-431D-B4A4-FED7CFD0EF22}"
EndProject
Global
	GlobalSection(SolutionConfigurationPlatforms) = preSolution
		Debug|Any CPU = Debug|Any CPU
		Release|Any CPU = Release|Any CPU
	EndGlobalSection
	GlobalSection(ProjectConfigurationPlatforms) = postSolution
		{6DBCC6BE-8C3E-431D-B4A4-FED7CFD0EF22}.Debug|Any CPU.ActiveCfg = Debug|Any CPU
		{6DBCC6BE-8C3E-431D-B4A4-FED7CFD0EF22}.Debug|Any CPU.Build.0 = Debug|Any CPU
		{6DBCC6BE-8C3E-431D-B4A4-FED7CFD0EF22}.Release|Any CPU.ActiveCfg = Release|Any CPU
		{6DBCC6BE-8C3E-431D-B4A4-FED7CFD0EF22}.Release|Any CPU.Build.0 = Release|Any CPU
	EndGlobalSection
	GlobalSection(SolutionProperties) = preSolution
		HideSolutionNode = FALSE
	EndGlobalSection
EndGlobal
